{
  "name": "soo-many-tokens",
  "version": "1.0.0",
  "lockfileVersion": 3,
  "requires": true,
  "packages": {
    "": {
      "name": "soo-many-tokens",
      "version": "1.0.0",
      "license": "MIT",
      "dependencies": {
        "@dqbd/tiktoken": "^1.0.22"
      }
    },
    "node_modules/@dqbd/tiktoken": {
      "version": "1.0.22",
      "resolved": "https://registry.npmjs.org/@dqbd/tiktoken/-/tiktoken-1.0.22.tgz",
      "integrity": "sha512-RYhO8xeHkMNX5Ixqf4M1Ve3siCYJY/dI0yLnlX4M4oIEDOvjMIQ+E+3OUpAaZcWTaMtQJzGcDAghYfllpx3i/w==",
      "license": "MIT"
    }
  }
}
